
Microsoft Visual Studio Solution File, Format Version 12.00
# Visual Studio 15
VisualStudioVersion = 15.0.26124.0
MinimumVisualStudioVersion = 15.0.26124.0
Project("{2150E333-8FDC-42A3-9474-1A3956D46DE8}") = "src", "src", "{0879FE36-0B54-43CD-A7BA-5A0F6DC11003}"
EndProject
Project("{9A19103F-16F7-4668-BE54-9A1E7A4F7556}") = "NotificationsPNotify", "src\NotificationsPNotify\NotificationsPNotify.csproj", "{27ED1C53-BD3D-428C-A311-21346E00314C}"
EndProject
Project("{2150E333-8FDC-42A3-9474-1A3956D46DE8}") = "1 - calling-a-web-api-from-a-net-client", "1 - calling-a-web-api-from-a-net-client", "{0730FD37-1811-4C3A-B88B-960B2030D044}"
EndProject
Project("{2150E333-8FDC-42A3-9474-1A3956D46DE8}") = "serve", "serve", "{06DB3F42-71C8-4170-80E2-3138856F2D34}"
EndProject
Project("{2150E333-8FDC-42A3-9474-1A3956D46DE8}") = "client", "client", "{7BFBB3F4-099D-4C28-B4ED-2F0BF9F1E295}"
EndProject
Project("{9A19103F-16F7-4668-BE54-9A1E7A4F7556}") = "demo11serve.api", "src\demo11serve.api\demo11serve.api.csproj", "{DEDD54DB-105F-4FEE-810B-9944980CCAED}"
EndProject
Project("{9A19103F-16F7-4668-BE54-9A1E7A4F7556}") = "demo12HttpClient", "src\demo12HttpClient\demo12HttpClient.csproj", "{D9088A3B-5E32-4CAF-895A-81E8A7330A0B}"
EndProject
Project("{2150E333-8FDC-42A3-9474-1A3956D46DE8}") = "2 - SignalR", "2 - SignalR", "{CFCA791F-747C-4A2C-9C45-0B22502B3C86}"
EndProject
Project("{2150E333-8FDC-42A3-9474-1A3956D46DE8}") = "signalr", "signalr", "{F267B8BF-C8CB-4BBB-A1EB-0B33DD15CF47}"
EndProject
Project("{9A19103F-16F7-4668-BE54-9A1E7A4F7556}") = "demo21SignalR", "src\demo21SignalR\demo21SignalR.csproj", "{5133426A-C981-4781-A1C1-BA2A7C32E658}"
EndProject
Project("{2150E333-8FDC-42A3-9474-1A3956D46DE8}") = "3 - web-api-using-swagger", "3 - web-api-using-swagger", "{9F0276BE-B590-4AE8-9F28-330583C04434}"
EndProject
Project("{2150E333-8FDC-42A3-9474-1A3956D46DE8}") = "WebApiUsingSwagger2.1", "WebApiUsingSwagger2.1", "{431C671E-2941-4451-BA0F-AAAC34F482F2}"
EndProject
Project("{9A19103F-16F7-4668-BE54-9A1E7A4F7556}") = "demo31WebApiUsingSwagger", "src\demo31WebApiUsingSwagger\demo31WebApiUsingSwagger.csproj", "{9A71EE4B-946A-4B9A-8385-908EE2D88818}"
EndProject
Project("{2150E333-8FDC-42A3-9474-1A3956D46DE8}") = "4 - blazor", "4 - blazor", "{0C420AF5-CE96-4E45-9481-D2ED099BAF43}"
EndProject
Project("{2150E333-8FDC-42A3-9474-1A3956D46DE8}") = "Blazor-ASP.NETCore-Hosted", "Blazor-ASP.NETCore-Hosted", "{37835029-6A57-4C6D-9DC8-BA28DAFFFC7C}"
EndProject
Project("{FAE04EC0-301F-11D3-BF4B-00C04F79EFBC}") = "demo41BlazorASPNETCoreHosted.Server", "src\demo41BlazorASPNETCoreHosted.Server\demo41BlazorASPNETCoreHosted.Server.csproj", "{D8284C6E-15DA-4F49-A318-A259D5E3A7E8}"
EndProject
Project("{FAE04EC0-301F-11D3-BF4B-00C04F79EFBC}") = "demo41BlazorASPNETCoreHosted.Client", "src\demo41BlazorASPNETCoreHosted.Client\demo41BlazorASPNETCoreHosted.Client.csproj", "{F706AF9E-326A-466B-8381-9543C199421E}"
EndProject
Project("{FAE04EC0-301F-11D3-BF4B-00C04F79EFBC}") = "demo41BlazorASPNETCoreHosted.Shared", "src\demo41BlazorASPNETCoreHosted.Shared\demo41BlazorASPNETCoreHosted.Shared.csproj", "{CAA5835D-4E59-4AEB-8E2C-5E19401EFB77}"
EndProject
Project("{FAE04EC0-301F-11D3-BF4B-00C04F79EFBC}") = "demo41WebApp", "src\demo41WebApp\demo41WebApp.csproj", "{520B12AE-5620-4F44-A5DC-4817C5A6F56A}"
EndProject
Global
	GlobalSection(SolutionConfigurationPlatforms) = preSolution
		Debug|Any CPU = Debug|Any CPU
		Debug|x64 = Debug|x64
		Debug|x86 = Debug|x86
		Release|Any CPU = Release|Any CPU
		Release|x64 = Release|x64
		Release|x86 = Release|x86
	EndGlobalSection
	GlobalSection(ProjectConfigurationPlatforms) = postSolution
		{27ED1C53-BD3D-428C-A311-21346E00314C}.Debug|Any CPU.ActiveCfg = Debug|Any CPU
		{27ED1C53-BD3D-428C-A311-21346E00314C}.Debug|Any CPU.Build.0 = Debug|Any CPU
		{27ED1C53-BD3D-428C-A311-21346E00314C}.Debug|x64.ActiveCfg = Debug|Any CPU
		{27ED1C53-BD3D-428C-A311-21346E00314C}.Debug|x64.Build.0 = Debug|Any CPU
		{27ED1C53-BD3D-428C-A311-21346E00314C}.Debug|x86.ActiveCfg = Debug|Any CPU
		{27ED1C53-BD3D-428C-A311-21346E00314C}.Debug|x86.Build.0 = Debug|Any CPU
		{27ED1C53-BD3D-428C-A311-21346E00314C}.Release|Any CPU.ActiveCfg = Release|Any CPU
		{27ED1C53-BD3D-428C-A311-21346E00314C}.Release|Any CPU.Build.0 = Release|Any CPU
		{27ED1C53-BD3D-428C-A311-21346E00314C}.Release|x64.ActiveCfg = Release|Any CPU
		{27ED1C53-BD3D-428C-A311-21346E00314C}.Release|x64.Build.0 = Release|Any CPU
		{27ED1C53-BD3D-428C-A311-21346E00314C}.Release|x86.ActiveCfg = Release|Any CPU
		{27ED1C53-BD3D-428C-A311-21346E00314C}.Release|x86.Build.0 = Release|Any CPU
		{DEDD54DB-105F-4FEE-810B-9944980CCAED}.Debug|Any CPU.ActiveCfg = Debug|Any CPU
		{DEDD54DB-105F-4FEE-810B-9944980CCAED}.Debug|Any CPU.Build.0 = Debug|Any CPU
		{DEDD54DB-105F-4FEE-810B-9944980CCAED}.Debug|x64.ActiveCfg = Debug|Any CPU
		{DEDD54DB-105F-4FEE-810B-9944980CCAED}.Debug|x64.Build.0 = Debug|Any CPU
		{DEDD54DB-105F-4FEE-810B-9944980CCAED}.Debug|x86.ActiveCfg = Debug|Any CPU
		{DEDD54DB-105F-4FEE-810B-9944980CCAED}.Debug|x86.Build.0 = Debug|Any CPU
		{DEDD54DB-105F-4FEE-810B-9944980CCAED}.Release|Any CPU.ActiveCfg = Release|Any CPU
		{DEDD54DB-105F-4FEE-810B-9944980CCAED}.Release|Any CPU.Build.0 = Release|Any CPU
		{DEDD54DB-105F-4FEE-810B-9944980CCAED}.Release|x64.ActiveCfg = Release|Any CPU
		{DEDD54DB-105F-4FEE-810B-9944980CCAED}.Release|x64.Build.0 = Release|Any CPU
		{DEDD54DB-105F-4FEE-810B-9944980CCAED}.Release|x86.ActiveCfg = Release|Any CPU
		{DEDD54DB-105F-4FEE-810B-9944980CCAED}.Release|x86.Build.0 = Release|Any CPU
		{D9088A3B-5E32-4CAF-895A-81E8A7330A0B}.Debug|Any CPU.ActiveCfg = Debug|Any CPU
		{D9088A3B-5E32-4CAF-895A-81E8A7330A0B}.Debug|Any CPU.Build.0 = Debug|Any CPU
		{D9088A3B-5E32-4CAF-895A-81E8A7330A0B}.Debug|x64.ActiveCfg = Debug|Any CPU
		{D9088A3B-5E32-4CAF-895A-81E8A7330A0B}.Debug|x64.Build.0 = Debug|Any CPU
		{D9088A3B-5E32-4CAF-895A-81E8A7330A0B}.Debug|x86.ActiveCfg = Debug|Any CPU
		{D9088A3B-5E32-4CAF-895A-81E8A7330A0B}.Debug|x86.Build.0 = Debug|Any CPU
		{D9088A3B-5E32-4CAF-895A-81E8A7330A0B}.Release|Any CPU.ActiveCfg = Release|Any CPU
		{D9088A3B-5E32-4CAF-895A-81E8A7330A0B}.Release|Any CPU.Build.0 = Release|Any CPU
		{D9088A3B-5E32-4CAF-895A-81E8A7330A0B}.Release|x64.ActiveCfg = Release|Any CPU
		{D9088A3B-5E32-4CAF-895A-81E8A7330A0B}.Release|x64.Build.0 = Release|Any CPU
		{D9088A3B-5E32-4CAF-895A-81E8A7330A0B}.Release|x86.ActiveCfg = Release|Any CPU
		{D9088A3B-5E32-4CAF-895A-81E8A7330A0B}.Release|x86.Build.0 = Release|Any CPU
		{5133426A-C981-4781-A1C1-BA2A7C32E658}.Debug|Any CPU.ActiveCfg = Debug|Any CPU
		{5133426A-C981-4781-A1C1-BA2A7C32E658}.Debug|Any CPU.Build.0 = Debug|Any CPU
		{5133426A-C981-4781-A1C1-BA2A7C32E658}.Debug|x64.ActiveCfg = Debug|Any CPU
		{5133426A-C981-4781-A1C1-BA2A7C32E658}.Debug|x64.Build.0 = Debug|Any CPU
		{5133426A-C981-4781-A1C1-BA2A7C32E658}.Debug|x86.ActiveCfg = Debug|Any CPU
		{5133426A-C981-4781-A1C1-BA2A7C32E658}.Debug|x86.Build.0 = Debug|Any CPU
		{5133426A-C981-4781-A1C1-BA2A7C32E658}.Release|Any CPU.ActiveCfg = Release|Any CPU
		{5133426A-C981-4781-A1C1-BA2A7C32E658}.Release|Any CPU.Build.0 = Release|Any CPU
		{5133426A-C981-4781-A1C1-BA2A7C32E658}.Release|x64.ActiveCfg = Release|Any CPU
		{5133426A-C981-4781-A1C1-BA2A7C32E658}.Release|x64.Build.0 = Release|Any CPU
		{5133426A-C981-4781-A1C1-BA2A7C32E658}.Release|x86.ActiveCfg = Release|Any CPU
		{5133426A-C981-4781-A1C1-BA2A7C32E658}.Release|x86.Build.0 = Release|Any CPU
		{9A71EE4B-946A-4B9A-8385-908EE2D88818}.Debug|Any CPU.ActiveCfg = Debug|Any CPU
		{9A71EE4B-946A-4B9A-8385-908EE2D88818}.Debug|Any CPU.Build.0 = Debug|Any CPU
		{9A71EE4B-946A-4B9A-8385-908EE2D88818}.Debug|x64.ActiveCfg = Debug|Any CPU
		{9A71EE4B-946A-4B9A-8385-908EE2D88818}.Debug|x64.Build.0 = Debug|Any CPU
		{9A71EE4B-946A-4B9A-8385-908EE2D88818}.Debug|x86.ActiveCfg = Debug|Any CPU
		{9A71EE4B-946A-4B9A-8385-908EE2D88818}.Debug|x86.Build.0 = Debug|Any CPU
		{9A71EE4B-946A-4B9A-8385-908EE2D88818}.Release|Any CPU.ActiveCfg = Release|Any CPU
		{9A71EE4B-946A-4B9A-8385-908EE2D88818}.Release|Any CPU.Build.0 = Release|Any CPU
		{9A71EE4B-946A-4B9A-8385-908EE2D88818}.Release|x64.ActiveCfg = Release|Any CPU
		{9A71EE4B-946A-4B9A-8385-908EE2D88818}.Release|x64.Build.0 = Release|Any CPU
		{9A71EE4B-946A-4B9A-8385-908EE2D88818}.Release|x86.ActiveCfg = Release|Any CPU
		{9A71EE4B-946A-4B9A-8385-908EE2D88818}.Release|x86.Build.0 = Release|Any CPU
		{D8284C6E-15DA-4F49-A318-A259D5E3A7E8}.Debug|Any CPU.ActiveCfg = Debug|Any CPU
		{D8284C6E-15DA-4F49-A318-A259D5E3A7E8}.Debug|Any CPU.Build.0 = Debug|Any CPU
		{D8284C6E-15DA-4F49-A318-A259D5E3A7E8}.Debug|x64.ActiveCfg = Debug|Any CPU
		{D8284C6E-15DA-4F49-A318-A259D5E3A7E8}.Debug|x64.Build.0 = Debug|Any CPU
		{D8284C6E-15DA-4F49-A318-A259D5E3A7E8}.Debug|x86.ActiveCfg = Debug|Any CPU
		{D8284C6E-15DA-4F49-A318-A259D5E3A7E8}.Debug|x86.Build.0 = Debug|Any CPU
		{D8284C6E-15DA-4F49-A318-A259D5E3A7E8}.Release|Any CPU.ActiveCfg = Release|Any CPU
		{D8284C6E-15DA-4F49-A318-A259D5E3A7E8}.Release|Any CPU.Build.0 = Release|Any CPU
		{D8284C6E-15DA-4F49-A318-A259D5E3A7E8}.Release|x64.ActiveCfg = Release|Any CPU
		{D8284C6E-15DA-4F49-A318-A259D5E3A7E8}.Release|x64.Build.0 = Release|Any CPU
		{D8284C6E-15DA-4F49-A318-A259D5E3A7E8}.Release|x86.ActiveCfg = Release|Any CPU
		{D8284C6E-15DA-4F49-A318-A259D5E3A7E8}.Release|x86.Build.0 = Release|Any CPU
		{F706AF9E-326A-466B-8381-9543C199421E}.Debug|Any CPU.ActiveCfg = Debug|Any CPU
		{F706AF9E-326A-466B-8381-9543C199421E}.Debug|Any CPU.Build.0 = Debug|Any CPU
		{F706AF9E-326A-466B-8381-9543C199421E}.Debug|x64.ActiveCfg = Debug|Any CPU
		{F706AF9E-326A-466B-8381-9543C199421E}.Debug|x64.Build.0 = Debug|Any CPU
		{F706AF9E-326A-466B-8381-9543C199421E}.Debug|x86.ActiveCfg = Debug|Any CPU
		{F706AF9E-326A-466B-8381-9543C199421E}.Debug|x86.Build.0 = Debug|Any CPU
		{F706AF9E-326A-466B-8381-9543C199421E}.Release|Any CPU.ActiveCfg = Release|Any CPU
		{F706AF9E-326A-466B-8381-9543C199421E}.Release|Any CPU.Build.0 = Release|Any CPU
		{F706AF9E-326A-466B-8381-9543C199421E}.Release|x64.ActiveCfg = Release|Any CPU
		{F706AF9E-326A-466B-8381-9543C199421E}.Release|x64.Build.0 = Release|Any CPU
		{F706AF9E-326A-466B-8381-9543C199421E}.Release|x86.ActiveCfg = Release|Any CPU
		{F706AF9E-326A-466B-8381-9543C199421E}.Release|x86.Build.0 = Release|Any CPU
		{CAA5835D-4E59-4AEB-8E2C-5E19401EFB77}.Debug|Any CPU.ActiveCfg = Debug|Any CPU
		{CAA5835D-4E59-4AEB-8E2C-5E19401EFB77}.Debug|Any CPU.Build.0 = Debug|Any CPU
		{CAA5835D-4E59-4AEB-8E2C-5E19401EFB77}.Debug|x64.ActiveCfg = Debug|Any CPU
		{CAA5835D-4E59-4AEB-8E2C-5E19401EFB77}.Debug|x64.Build.0 = Debug|Any CPU
		{CAA5835D-4E59-4AEB-8E2C-5E19401EFB77}.Debug|x86.ActiveCfg = Debug|Any CPU
		{CAA5835D-4E59-4AEB-8E2C-5E19401EFB77}.Debug|x86.Build.0 = Debug|Any CPU
		{CAA5835D-4E59-4AEB-8E2C-5E19401EFB77}.Release|Any CPU.ActiveCfg = Release|Any CPU
		{CAA5835D-4E59-4AEB-8E2C-5E19401EFB77}.Release|Any CPU.Build.0 = Release|Any CPU
		{CAA5835D-4E59-4AEB-8E2C-5E19401EFB77}.Release|x64.ActiveCfg = Release|Any CPU
		{CAA5835D-4E59-4AEB-8E2C-5E19401EFB77}.Release|x64.Build.0 = Release|Any CPU
		{CAA5835D-4E59-4AEB-8E2C-5E19401EFB77}.Release|x86.ActiveCfg = Release|Any CPU
		{CAA5835D-4E59-4AEB-8E2C-5E19401EFB77}.Release|x86.Build.0 = Release|Any CPU
		{520B12AE-5620-4F44-A5DC-4817C5A6F56A}.Debug|Any CPU.ActiveCfg = Debug|Any CPU
		{520B12AE-5620-4F44-A5DC-4817C5A6F56A}.Debug|Any CPU.Build.0 = Debug|Any CPU
		{520B12AE-5620-4F44-A5DC-4817C5A6F56A}.Debug|x64.ActiveCfg = Debug|Any CPU
		{520B12AE-5620-4F44-A5DC-4817C5A6F56A}.Debug|x64.Build.0 = Debug|Any CPU
		{520B12AE-5620-4F44-A5DC-4817C5A6F56A}.Debug|x86.ActiveCfg = Debug|Any CPU
		{520B12AE-5620-4F44-A5DC-4817C5A6F56A}.Debug|x86.Build.0 = Debug|Any CPU
		{520B12AE-5620-4F44-A5DC-4817C5A6F56A}.Release|Any CPU.ActiveCfg = Release|Any CPU
		{520B12AE-5620-4F44-A5DC-4817C5A6F56A}.Release|Any CPU.Build.0 = Release|Any CPU
		{520B12AE-5620-4F44-A5DC-4817C5A6F56A}.Release|x64.ActiveCfg = Release|Any CPU
		{520B12AE-5620-4F44-A5DC-4817C5A6F56A}.Release|x64.Build.0 = Release|Any CPU
		{520B12AE-5620-4F44-A5DC-4817C5A6F56A}.Release|x86.ActiveCfg = Release|Any CPU
		{520B12AE-5620-4F44-A5DC-4817C5A6F56A}.Release|x86.Build.0 = Release|Any CPU
	EndGlobalSection
	GlobalSection(SolutionProperties) = preSolution
		HideSolutionNode = FALSE
	EndGlobalSection
	GlobalSection(NestedProjects) = preSolution
		{27ED1C53-BD3D-428C-A311-21346E00314C} = {0879FE36-0B54-43CD-A7BA-5A0F6DC11003}
		{0730FD37-1811-4C3A-B88B-960B2030D044} = {0879FE36-0B54-43CD-A7BA-5A0F6DC11003}
		{06DB3F42-71C8-4170-80E2-3138856F2D34} = {0730FD37-1811-4C3A-B88B-960B2030D044}
		{7BFBB3F4-099D-4C28-B4ED-2F0BF9F1E295} = {0730FD37-1811-4C3A-B88B-960B2030D044}
		{DEDD54DB-105F-4FEE-810B-9944980CCAED} = {06DB3F42-71C8-4170-80E2-3138856F2D34}
		{D9088A3B-5E32-4CAF-895A-81E8A7330A0B} = {7BFBB3F4-099D-4C28-B4ED-2F0BF9F1E295}
		{CFCA791F-747C-4A2C-9C45-0B22502B3C86} = {0879FE36-0B54-43CD-A7BA-5A0F6DC11003}
		{F267B8BF-C8CB-4BBB-A1EB-0B33DD15CF47} = {CFCA791F-747C-4A2C-9C45-0B22502B3C86}
		{5133426A-C981-4781-A1C1-BA2A7C32E658} = {F267B8BF-C8CB-4BBB-A1EB-0B33DD15CF47}
		{9F0276BE-B590-4AE8-9F28-330583C04434} = {0879FE36-0B54-43CD-A7BA-5A0F6DC11003}
		{431C671E-2941-4451-BA0F-AAAC34F482F2} = {9F0276BE-B590-4AE8-9F28-330583C04434}
		{9A71EE4B-946A-4B9A-8385-908EE2D88818} = {431C671E-2941-4451-BA0F-AAAC34F482F2}
		{0C420AF5-CE96-4E45-9481-D2ED099BAF43} = {0879FE36-0B54-43CD-A7BA-5A0F6DC11003}
		{37835029-6A57-4C6D-9DC8-BA28DAFFFC7C} = {0C420AF5-CE96-4E45-9481-D2ED099BAF43}
		{D8284C6E-15DA-4F49-A318-A259D5E3A7E8} = {37835029-6A57-4C6D-9DC8-BA28DAFFFC7C}
		{F706AF9E-326A-466B-8381-9543C199421E} = {37835029-6A57-4C6D-9DC8-BA28DAFFFC7C}
		{CAA5835D-4E59-4AEB-8E2C-5E19401EFB77} = {37835029-6A57-4C6D-9DC8-BA28DAFFFC7C}
		{520B12AE-5620-4F44-A5DC-4817C5A6F56A} = {37835029-6A57-4C6D-9DC8-BA28DAFFFC7C}
	EndGlobalSection
	GlobalSection(ExtensibilityGlobals) = postSolution
		SolutionGuid = {CD07848B-59F8-4A05-BA25-BBD1A93BCCB5}
	EndGlobalSection
EndGlobal
