
Microsoft Visual Studio Solution File, Format Version 12.00
# Visual Studio 15
VisualStudioVersion = 15.0.26124.0
MinimumVisualStudioVersion = 15.0.26124.0
Project("{2150E333-8FDC-42A3-9474-1A3956D46DE8}") = "src", "src", "{0879FE36-0B54-43CD-A7BA-5A0F6DC11003}"
EndProject
Project("{9A19103F-16F7-4668-BE54-9A1E7A4F7556}") = "NotificationsPNotify", "src\NotificationsPNotify\NotificationsPNotify.csproj", "{27ED1C53-BD3D-428C-A311-21346E00314C}"
EndProject
Global
	GlobalSection(SolutionConfigurationPlatforms) = preSolution
		Debug|Any CPU = Debug|Any CPU
		Debug|x64 = Debug|x64
		Debug|x86 = Debug|x86
		Release|Any CPU = Release|Any CPU
		Release|x64 = Release|x64
		Release|x86 = Release|x86
	EndGlobalSection
	GlobalSection(ProjectConfigurationPlatforms) = postSolution
		{27ED1C53-BD3D-428C-A311-21346E00314C}.Debug|Any CPU.ActiveCfg = Debug|Any CPU
		{27ED1C53-BD3D-428C-A311-21346E00314C}.Debug|Any CPU.Build.0 = Debug|Any CPU
		{27ED1C53-BD3D-428C-A311-21346E00314C}.Debug|x64.ActiveCfg = Debug|Any CPU
		{27ED1C53-BD3D-428C-A311-21346E00314C}.Debug|x64.Build.0 = Debug|Any CPU
		{27ED1C53-BD3D-428C-A311-21346E00314C}.Debug|x86.ActiveCfg = Debug|Any CPU
		{27ED1C53-BD3D-428C-A311-21346E00314C}.Debug|x86.Build.0 = Debug|Any CPU
		{27ED1C53-BD3D-428C-A311-21346E00314C}.Release|Any CPU.ActiveCfg = Release|Any CPU
		{27ED1C53-BD3D-428C-A311-21346E00314C}.Release|Any CPU.Build.0 = Release|Any CPU
		{27ED1C53-BD3D-428C-A311-21346E00314C}.Release|x64.ActiveCfg = Release|Any CPU
		{27ED1C53-BD3D-428C-A311-21346E00314C}.Release|x64.Build.0 = Release|Any CPU
		{27ED1C53-BD3D-428C-A311-21346E00314C}.Release|x86.ActiveCfg = Release|Any CPU
		{27ED1C53-BD3D-428C-A311-21346E00314C}.Release|x86.Build.0 = Release|Any CPU
	EndGlobalSection
	GlobalSection(SolutionProperties) = preSolution
		HideSolutionNode = FALSE
	EndGlobalSection
	GlobalSection(NestedProjects) = preSolution
		{27ED1C53-BD3D-428C-A311-21346E00314C} = {0879FE36-0B54-43CD-A7BA-5A0F6DC11003}
	EndGlobalSection
	GlobalSection(ExtensibilityGlobals) = postSolution
		SolutionGuid = {CD07848B-59F8-4A05-BA25-BBD1A93BCCB5}
	EndGlobalSection
EndGlobal
